<?xml version="1.0" encoding="UTF-8"?>
<Scheme
   LastUpgradeVersion = "0710"
   version = "1.3">
   <BuildAction
      parallelizeBuildables = "YES"
      buildImplicitDependencies = "YES">
      <BuildActionEntries>
         <BuildActionEntry
            buildForTesting = "YES"
            buildForRunning = "YES"
            buildForProfiling = "YES"
            buildForArchiving = "YES"
            buildForAnalyzing = "YES">
            <BuildableReference
               BuildableIdentifier = "primary"
               BlueprintIdentifier = "1F7A1CF21BF88DF50058D84B"
               BuildableName = "Air_Drums_Watch.app"
               BlueprintName = "Air_Drums_Watch"
               ReferencedContainer = "container:Air Drums.xcodeproj">
            </BuildableReference>
         </BuildActionEntry>
         <BuildActionEntry
            buildForTesting = "YES"
            buildForRunning = "YES"
            buildForProfiling = "YES"
            buildForArchiving = "YES"
            buildForAnalyzing = "YES">
            <BuildableReference
               BuildableIdentifier = "primary"
               BlueprintIdentifier = "1F9E0BBB1BF7E2B600FD3D27"
               BuildableName = "Air Drums.app"
               BlueprintName = "Air Drums"
               ReferencedContainer = "container:Air Drums.xcodeproj">
            </BuildableReference>
         </BuildActionEntry>
         <BuildActionEntry
            buildForTesting = "YES"
            buildForRunning = "YES"
            buildForProfiling = "YES"
            buildForArchiving = "YES"
            buildForAnalyzing = "YES">
            <BuildableReference
               BuildableIdentifier = "primary"
               BlueprintIdentifier = "1F297A8E1BF889F300FF22B1"
               BuildableName = "Air_Drums Extension.appex"
               BlueprintName = "Air_Drums Extension"
               ReferencedContainer = "container:Air Drums.xcodeproj">
            </BuildableReference>
         </BuildActionEntry>
         <BuildActionEntry
            buildForTesting = "YES"
            buildForRunning = "YES"
            buildForProfiling = "YES"
            buildForArchiving = "YES"
            buildForAnalyzing = "YES">
            <BuildableReference
               BuildableIdentifier = "primary"
               BlueprintIdentifier = "1F297AB71BF88AA700FF22B1"
               BuildableName = "Air_Drums_WatchKit Extension.appex"
               BlueprintName = "Air_Drums_WatchKit Extension"
               ReferencedContainer = "container:Air Drums.xcodeproj">
            </BuildableReference>
         </BuildActionEntry>
         <BuildActionEntry
            buildForTesting = "YES"
            buildForRunning = "YES"
            buildForProfiling = "YES"
            buildForArchiving = "YES"
            buildForAnalyzing = "YES">
            <BuildableReference
               BuildableIdentifier = "primary"
               BlueprintIdentifier = "1F7A1CFE1BF88DF50058D84B"
               BuildableName = "Air_Drums_Watch Extension.appex"
               BlueprintName = "Air_Drums_Watch Extension"
               ReferencedContainer = "container:Air Drums.xcodeproj">
            </BuildableReference>
         </BuildActionEntry>
      </BuildActionEntries>
   </BuildAction>
   <TestAction
      buildConfiguration = "Debug"
      selectedDebuggerIdentifier = "Xcode.DebuggerFoundation.Debugger.LLDB"
      selectedLauncherIdentifier = "Xcode.DebuggerFoundation.Launcher.LLDB"
      shouldUseLaunchSchemeArgsEnv = "YES">
      <Testables>
      </Testables>
      <MacroExpansion>
         <BuildableReference
            BuildableIdentifier = "primary"
            BlueprintIdentifier = "1F7A1CF21BF88DF50058D84B"
            BuildableName = "Air_Drums_Watch.app"
            BlueprintName = "Air_Drums_Watch"
            ReferencedContainer = "container:Air Drums.xcodeproj">
         </BuildableReference>
      </MacroExpansion>
      <AdditionalOptions>
      </AdditionalOptions>
   </TestAction>
   <LaunchAction
      buildConfiguration = "Debug"
      selectedDebuggerIdentifier = "Xcode.DebuggerFoundation.Debugger.LLDB"
      selectedLauncherIdentifier = "Xcode.DebuggerFoundation.Launcher.LLDB"
      launchStyle = "0"
      useCustomWorkingDirectory = "NO"
      ignoresPersistentStateOnLaunch = "NO"
      debugDocumentVersioning = "YES"
      debugServiceExtension = "internal"
      allowLocationSimulation = "YES"
      notificationPayloadFile = "Air_Drums_Watch Extension/PushNotificationPayload.apns">
      <RemoteRunnable
         runnableDebuggingMode = "2"
         BundleIdentifier = "com.apple.carousel"
         RemotePath = "/Air Drums">
         <BuildableReference
            BuildableIdentifier = "primary"
            BlueprintIdentifier = "1F7A1CF21BF88DF50058D84B"
            BuildableName = "Air_Drums_Watch.app"
            BlueprintName = "Air_Drums_Watch"
            ReferencedContainer = "container:Air Drums.xcodeproj">
         </BuildableReference>
      </RemoteRunnable>
      <MacroExpansion>
         <BuildableReference
            BuildableIdentifier = "primary"
            BlueprintIdentifier = "1F7A1CF21BF88DF50058D84B"
            BuildableName = "Air_Drums_Watch.app"
            BlueprintName = "Air_Drums_Watch"
            ReferencedContainer = "container:Air Drums.xcodeproj">
         </BuildableReference>
      </MacroExpansion>
      <AdditionalOptions>
      </AdditionalOptions>
   </LaunchAction>
   <ProfileAction
      buildConfiguration = "Release"
      shouldUseLaunchSchemeArgsEnv = "YES"
      savedToolIdentifier = ""
      useCustomWorkingDirectory = "NO"
      debugDocumentVersioning = "YES">
      <RemoteRunnable
         runnableDebuggingMode = "2"
         BundleIdentifier = "com.apple.carousel"
         RemotePath = "/Air Drums">
         <BuildableReference
            BuildableIdentifier = "primary"
            BlueprintIdentifier = "1F7A1CF21BF88DF50058D84B"
            BuildableName = "Air_Drums_Watch.app"
            BlueprintName = "Air_Drums_Watch"
            ReferencedContainer = "container:Air Drums.xcodeproj">
         </BuildableReference>
      </RemoteRunnable>
      <MacroExpansion>
         <BuildableReference
            BuildableIdentifier = "primary"
            BlueprintIdentifier = "1F7A1CF21BF88DF50058D84B"
            BuildableName = "Air_Drums_Watch.app"
            BlueprintName = "Air_Drums_Watch"
            ReferencedContainer = "container:Air Drums.xcodeproj">
         </BuildableReference>
      </MacroExpansion>
   </ProfileAction>
   <AnalyzeAction
      buildConfiguration = "Debug">
   </AnalyzeAction>
   <ArchiveAction
      buildConfiguration = "Release"
      revealArchiveInOrganizer = "YES">
   </ArchiveAction>
</Scheme>
